
Microsoft Visual Studio Solution File, Format Version 12.00
# Visual Studio Version 17
VisualStudioVersion = 17.3.32929.385
MinimumVisualStudioVersion = 10.0.40219.1
Project("{FAE04EC0-301F-11D3-BF4B-00C04F79EFBC}") = "War", "War\War.csproj", "{C04B0BC9-95F0-4B2D-B029-F804AEBD6563}"
EndProject
Project("{2150E333-8FDC-42A3-9474-1A3956D46DE8}") = "Home Work", "Home Work", "{D9DA2967-C3E6-49BF-95FC-44F6462C6BC4}"
EndProject
Project("{FAE04EC0-301F-11D3-BF4B-00C04F79EFBC}") = "AquariumFish", "AquariumFish\AquariumFish.csproj", "{84FB1D2B-F389-4D9D-9424-8C9697C1AC12}"
EndProject
Project("{FAE04EC0-301F-11D3-BF4B-00C04F79EFBC}") = "Zoo", "Zoo\Zoo.csproj", "{876ECC11-74C7-4705-B3F4-C65AB7D7A83F}"
EndProject
Project("{FAE04EC0-301F-11D3-BF4B-00C04F79EFBC}") = "Autoservice", "Autoservice2\Autoservice.csproj", "{F153E354-8FE8-4FD6-865A-0733CBBD6C5E}"
EndProject
Project("{FAE04EC0-301F-11D3-BF4B-00C04F79EFBC}") = "ListOffenders", "ListOffenders\ListOffenders.csproj", "{07C27C11-2C39-4F75-B91D-E2F2CE094DBD}"
EndProject
Project("{FAE04EC0-301F-11D3-BF4B-00C04F79EFBC}") = "Amnesty", "Amnesty\Amnesty.csproj", "{CC20DF90-2925-4D0B-8E97-5A1C12D51710}"
EndProject
Project("{FAE04EC0-301F-11D3-BF4B-00C04F79EFBC}") = "AnarchyInHospital", "AnarchyInHospital\AnarchyInHospital.csproj", "{6CF6D338-1CDE-434B-8B7F-01CB86AB31EA}"
EndProject
Project("{FAE04EC0-301F-11D3-BF4B-00C04F79EFBC}") = "Test", "Test\Test.csproj", "{95F9397D-BE95-4DE7-9DD2-3C5DFED825BA}"
EndProject
Project("{FAE04EC0-301F-11D3-BF4B-00C04F79EFBC}") = "TopServerPlayers", "TopServerPlayers\TopServerPlayers.csproj", "{61E70FCD-DB83-4F81-A769-B3675C612F8A}"
EndProject
Project("{FAE04EC0-301F-11D3-BF4B-00C04F79EFBC}") = "DefinitionOfDelinquency", "DefinitionOfDelinquency\DefinitionOfDelinquency.csproj", "{C82EE481-ACAD-45E4-83E6-65EBD0A3A465}"
EndProject
Project("{FAE04EC0-301F-11D3-BF4B-00C04F79EFBC}") = "WeaponsReport", "WeaponsReport\WeaponsReport.csproj", "{27CB094C-80E1-47D1-847E-4592DF6661F4}"
EndProject
Global
	GlobalSection(SolutionConfigurationPlatforms) = preSolution
		Debug|Any CPU = Debug|Any CPU
		Release|Any CPU = Release|Any CPU
	EndGlobalSection
	GlobalSection(ProjectConfigurationPlatforms) = postSolution
		{C04B0BC9-95F0-4B2D-B029-F804AEBD6563}.Debug|Any CPU.ActiveCfg = Debug|Any CPU
		{C04B0BC9-95F0-4B2D-B029-F804AEBD6563}.Debug|Any CPU.Build.0 = Debug|Any CPU
		{C04B0BC9-95F0-4B2D-B029-F804AEBD6563}.Release|Any CPU.ActiveCfg = Release|Any CPU
		{C04B0BC9-95F0-4B2D-B029-F804AEBD6563}.Release|Any CPU.Build.0 = Release|Any CPU
		{84FB1D2B-F389-4D9D-9424-8C9697C1AC12}.Debug|Any CPU.ActiveCfg = Debug|Any CPU
		{84FB1D2B-F389-4D9D-9424-8C9697C1AC12}.Debug|Any CPU.Build.0 = Debug|Any CPU
		{84FB1D2B-F389-4D9D-9424-8C9697C1AC12}.Release|Any CPU.ActiveCfg = Release|Any CPU
		{84FB1D2B-F389-4D9D-9424-8C9697C1AC12}.Release|Any CPU.Build.0 = Release|Any CPU
		{876ECC11-74C7-4705-B3F4-C65AB7D7A83F}.Debug|Any CPU.ActiveCfg = Debug|Any CPU
		{876ECC11-74C7-4705-B3F4-C65AB7D7A83F}.Debug|Any CPU.Build.0 = Debug|Any CPU
		{876ECC11-74C7-4705-B3F4-C65AB7D7A83F}.Release|Any CPU.ActiveCfg = Release|Any CPU
		{876ECC11-74C7-4705-B3F4-C65AB7D7A83F}.Release|Any CPU.Build.0 = Release|Any CPU
		{F153E354-8FE8-4FD6-865A-0733CBBD6C5E}.Debug|Any CPU.ActiveCfg = Debug|Any CPU
		{F153E354-8FE8-4FD6-865A-0733CBBD6C5E}.Debug|Any CPU.Build.0 = Debug|Any CPU
		{F153E354-8FE8-4FD6-865A-0733CBBD6C5E}.Release|Any CPU.ActiveCfg = Release|Any CPU
		{F153E354-8FE8-4FD6-865A-0733CBBD6C5E}.Release|Any CPU.Build.0 = Release|Any CPU
		{07C27C11-2C39-4F75-B91D-E2F2CE094DBD}.Debug|Any CPU.ActiveCfg = Debug|Any CPU
		{07C27C11-2C39-4F75-B91D-E2F2CE094DBD}.Debug|Any CPU.Build.0 = Debug|Any CPU
		{07C27C11-2C39-4F75-B91D-E2F2CE094DBD}.Release|Any CPU.ActiveCfg = Release|Any CPU
		{07C27C11-2C39-4F75-B91D-E2F2CE094DBD}.Release|Any CPU.Build.0 = Release|Any CPU
		{CC20DF90-2925-4D0B-8E97-5A1C12D51710}.Debug|Any CPU.ActiveCfg = Debug|Any CPU
		{CC20DF90-2925-4D0B-8E97-5A1C12D51710}.Debug|Any CPU.Build.0 = Debug|Any CPU
		{CC20DF90-2925-4D0B-8E97-5A1C12D51710}.Release|Any CPU.ActiveCfg = Release|Any CPU
		{CC20DF90-2925-4D0B-8E97-5A1C12D51710}.Release|Any CPU.Build.0 = Release|Any CPU
		{6CF6D338-1CDE-434B-8B7F-01CB86AB31EA}.Debug|Any CPU.ActiveCfg = Debug|Any CPU
		{6CF6D338-1CDE-434B-8B7F-01CB86AB31EA}.Debug|Any CPU.Build.0 = Debug|Any CPU
		{6CF6D338-1CDE-434B-8B7F-01CB86AB31EA}.Release|Any CPU.ActiveCfg = Release|Any CPU
		{6CF6D338-1CDE-434B-8B7F-01CB86AB31EA}.Release|Any CPU.Build.0 = Release|Any CPU
		{95F9397D-BE95-4DE7-9DD2-3C5DFED825BA}.Debug|Any CPU.ActiveCfg = Debug|Any CPU
		{95F9397D-BE95-4DE7-9DD2-3C5DFED825BA}.Debug|Any CPU.Build.0 = Debug|Any CPU
		{95F9397D-BE95-4DE7-9DD2-3C5DFED825BA}.Release|Any CPU.ActiveCfg = Release|Any CPU
		{95F9397D-BE95-4DE7-9DD2-3C5DFED825BA}.Release|Any CPU.Build.0 = Release|Any CPU
		{61E70FCD-DB83-4F81-A769-B3675C612F8A}.Debug|Any CPU.ActiveCfg = Debug|Any CPU
		{61E70FCD-DB83-4F81-A769-B3675C612F8A}.Debug|Any CPU.Build.0 = Debug|Any CPU
		{61E70FCD-DB83-4F81-A769-B3675C612F8A}.Release|Any CPU.ActiveCfg = Release|Any CPU
		{61E70FCD-DB83-4F81-A769-B3675C612F8A}.Release|Any CPU.Build.0 = Release|Any CPU
		{C82EE481-ACAD-45E4-83E6-65EBD0A3A465}.Debug|Any CPU.ActiveCfg = Debug|Any CPU
		{C82EE481-ACAD-45E4-83E6-65EBD0A3A465}.Debug|Any CPU.Build.0 = Debug|Any CPU
		{C82EE481-ACAD-45E4-83E6-65EBD0A3A465}.Release|Any CPU.ActiveCfg = Release|Any CPU
		{C82EE481-ACAD-45E4-83E6-65EBD0A3A465}.Release|Any CPU.Build.0 = Release|Any CPU
		{27CB094C-80E1-47D1-847E-4592DF6661F4}.Debug|Any CPU.ActiveCfg = Debug|Any CPU
		{27CB094C-80E1-47D1-847E-4592DF6661F4}.Debug|Any CPU.Build.0 = Debug|Any CPU
		{27CB094C-80E1-47D1-847E-4592DF6661F4}.Release|Any CPU.ActiveCfg = Release|Any CPU
		{27CB094C-80E1-47D1-847E-4592DF6661F4}.Release|Any CPU.Build.0 = Release|Any CPU
	EndGlobalSection
	GlobalSection(SolutionProperties) = preSolution
		HideSolutionNode = FALSE
	EndGlobalSection
	GlobalSection(NestedProjects) = preSolution
		{C04B0BC9-95F0-4B2D-B029-F804AEBD6563} = {D9DA2967-C3E6-49BF-95FC-44F6462C6BC4}
		{84FB1D2B-F389-4D9D-9424-8C9697C1AC12} = {D9DA2967-C3E6-49BF-95FC-44F6462C6BC4}
		{876ECC11-74C7-4705-B3F4-C65AB7D7A83F} = {D9DA2967-C3E6-49BF-95FC-44F6462C6BC4}
		{F153E354-8FE8-4FD6-865A-0733CBBD6C5E} = {D9DA2967-C3E6-49BF-95FC-44F6462C6BC4}
		{07C27C11-2C39-4F75-B91D-E2F2CE094DBD} = {D9DA2967-C3E6-49BF-95FC-44F6462C6BC4}
		{CC20DF90-2925-4D0B-8E97-5A1C12D51710} = {D9DA2967-C3E6-49BF-95FC-44F6462C6BC4}
		{6CF6D338-1CDE-434B-8B7F-01CB86AB31EA} = {D9DA2967-C3E6-49BF-95FC-44F6462C6BC4}
		{95F9397D-BE95-4DE7-9DD2-3C5DFED825BA} = {D9DA2967-C3E6-49BF-95FC-44F6462C6BC4}
		{61E70FCD-DB83-4F81-A769-B3675C612F8A} = {D9DA2967-C3E6-49BF-95FC-44F6462C6BC4}
		{C82EE481-ACAD-45E4-83E6-65EBD0A3A465} = {D9DA2967-C3E6-49BF-95FC-44F6462C6BC4}
		{27CB094C-80E1-47D1-847E-4592DF6661F4} = {D9DA2967-C3E6-49BF-95FC-44F6462C6BC4}
	EndGlobalSection
	GlobalSection(ExtensibilityGlobals) = postSolution
		SolutionGuid = {9E266672-D7A5-4F17-B7EF-3588FC4D602D}
	EndGlobalSection
EndGlobal
